// !$*UTF8*$!
{
	archiveVersion = 1;
	classes = {
	};
	objectVersion = 46;
	objects = {

/* Begin PBXBuildFile section */
		D773D1A6192DEE070050076D /* 0.png in Resources */ = {isa = PBXBuildFile; fileRef = D773D142192DEE070050076D /* 0.png */; };
		D773D1A7192DEE070050076D /* 1.png in Resources */ = {isa = PBXBuildFile; fileRef = D773D143192DEE070050076D /* 1.png */; };
		D773D1A8192DEE070050076D /* 10.png in Resources */ = {isa = PBXBuildFile; fileRef = D773D144192DEE070050076D /* 10.png */; };
		D773D1A9192DEE070050076D /* 11.png in Resources */ = {isa = PBXBuildFile; fileRef = D773D145192DEE070050076D /* 11.png */; };
		D773D1AA192DEE070050076D /* 12.png in Resources */ = {isa = PBXBuildFile; fileRef = D773D146192DEE070050076D /* 12.png */; };
		D773D1AB192DEE070050076D /* 13.png in Resources */ = {isa = PBXBuildFile; fileRef = D773D147192DEE070050076D /* 13.png */; };
		D773D1AC192DEE070050076D /* 14.png in Resources */ = {isa = PBXBuildFile; fileRef = D773D148192DEE070050076D /* 14.png */; };
		D773D1AD192DEE070050076D /* 15.png in Resources */ = {isa = PBXBuildFile; fileRef = D773D149192DEE070050076D /* 15.png */; };
		D773D1AE192DEE070050076D /* 16.png in Resources */ = {isa = PBXBuildFile; fileRef = D773D14A192DEE070050076D /* 16.png */; };
		D773D1AF192DEE070050076D /* 17.png in Resources */ = {isa = PBXBuildFile; fileRef = D773D14B192DEE070050076D /* 17.png */; };
		D773D1B0192DEE070050076D /* 18.png in Resources */ = {isa = PBXBuildFile; fileRef = D773D14C192DEE070050076D /* 18.png */; };
		D773D1B1192DEE070050076D /* 19.png in Resources */ = {isa = PBXBuildFile; fileRef = D773D14D192DEE070050076D /* 19.png */; };
		D773D1B2192DEE070050076D /* 2.png in Resources */ = {isa = PBXBuildFile; fileRef = D773D14E192DEE070050076D /* 2.png */; };
		D773D1B3192DEE070050076D /* 20.png in Resources */ = {isa = PBXBuildFile; fileRef = D773D14F192DEE070050076D /* 20.png */; };
		D773D1B4192DEE070050076D /* 21.png in Resources */ = {isa = PBXBuildFile; fileRef = D773D150192DEE070050076D /* 21.png */; };
		D773D1B5192DEE070050076D /* 22.png in Resources */ = {isa = PBXBuildFile; fileRef = D773D151192DEE070050076D /* 22.png */; };
		D773D1B6192DEE070050076D /* 23.png in Resources */ = {isa = PBXBuildFile; fileRef = D773D152192DEE070050076D /* 23.png */; };
		D773D1B7192DEE070050076D /* 24.png in Resources */ = {isa = PBXBuildFile; fileRef = D773D153192DEE070050076D /* 24.png */; };
		D773D1B8192DEE070050076D /* 25.png in Resources */ = {isa = PBXBuildFile; fileRef = D773D154192DEE070050076D /* 25.png */; };
		D773D1B9192DEE070050076D /* 26.png in Resources */ = {isa = PBXBuildFile; fileRef = D773D155192DEE070050076D /* 26.png */; };
		D773D1BA192DEE070050076D /* 27.png in Resources */ = {isa = PBXBuildFile; fileRef = D773D156192DEE070050076D /* 27.png */; };
		D773D1BB192DEE070050076D /* 28.png in Resources */ = {isa = PBXBuildFile; fileRef = D773D157192DEE070050076D /* 28.png */; };
		D773D1BC192DEE070050076D /* 29.png in Resources */ = {isa = PBXBuildFile; fileRef = D773D158192DEE070050076D /* 29.png */; };
		D773D1BD192DEE070050076D /* 3.png in Resources */ = {isa = PBXBuildFile; fileRef = D773D159192DEE070050076D /* 3.png */; };
		D773D1BE192DEE070050076D /* 30.png in Resources */ = {isa = PBXBuildFile; fileRef = D773D15A192DEE070050076D /* 30.png */; };
		D773D1BF192DEE070050076D /* 31.png in Resources */ = {isa = PBXBuildFile; fileRef = D773D15B192DEE070050076D /* 31.png */; };
		D773D1C0192DEE070050076D /* 32.png in Resources */ = {isa = PBXBuildFile; fileRef = D773D15C192DEE070050076D /* 32.png */; };
		D773D1C1192DEE070050076D /* 33.png in Resources */ = {isa = PBXBuildFile; fileRef = D773D15D192DEE070050076D /* 33.png */; };
		D773D1C2192DEE070050076D /* 34.png in Resources */ = {isa = PBXBuildFile; fileRef = D773D15E192DEE070050076D /* 34.png */; };
		D773D1C3192DEE070050076D /* 35.png in Resources */ = {isa = PBXBuildFile; fileRef = D773D15F192DEE070050076D /* 35.png */; };
		D773D1C4192DEE070050076D /* 36.png in Resources */ = {isa = PBXBuildFile; fileRef = D773D160192DEE070050076D /* 36.png */; };
		D773D1C5192DEE070050076D /* 37.png in Resources */ = {isa = PBXBuildFile; fileRef = D773D161192DEE070050076D /* 37.png */; };
		D773D1C6192DEE070050076D /* 38.png in Resources */ = {isa = PBXBuildFile; fileRef = D773D162192DEE070050076D /* 38.png */; };
		D773D1C7192DEE070050076D /* 39.png in Resources */ = {isa = PBXBuildFile; fileRef = D773D163192DEE070050076D /* 39.png */; };
		D773D1C8192DEE070050076D /* 4.png in Resources */ = {isa = PBXBuildFile; fileRef = D773D164192DEE070050076D /* 4.png */; };
		D773D1C9192DEE070050076D /* 40.png in Resources */ = {isa = PBXBuildFile; fileRef = D773D165192DEE070050076D /* 40.png */; };
		D773D1CA192DEE070050076D /* 41.png in Resources */ = {isa = PBXBuildFile; fileRef = D773D166192DEE070050076D /* 41.png */; };
		D773D1CB192DEE070050076D /* 42.png in Resources */ = {isa = PBXBuildFile; fileRef = D773D167192DEE070050076D /* 42.png */; };
		D773D1CC192DEE070050076D /* 43.png in Resources */ = {isa = PBXBuildFile; fileRef = D773D168192DEE070050076D /* 43.png */; };
		D773D1CD192DEE070050076D /* 44.png in Resources */ = {isa = PBXBuildFile; fileRef = D773D169192DEE070050076D /* 44.png */; };
		D773D1CE192DEE070050076D /* 45.png in Resources */ = {isa = PBXBuildFile; fileRef = D773D16A192DEE070050076D /* 45.png */; };
		D773D1CF192DEE070050076D /* 46.png in Resources */ = {isa = PBXBuildFile; fileRef = D773D16B192DEE070050076D /* 46.png */; };
		D773D1D0192DEE070050076D /* 47.png in Resources */ = {isa = PBXBuildFile; fileRef = D773D16C192DEE070050076D /* 47.png */; };
		D773D1D1192DEE070050076D /* 48.png in Resources */ = {isa = PBXBuildFile; fileRef = D773D16D192DEE070050076D /* 48.png */; };
		D773D1D2192DEE070050076D /* 49.png in Resources */ = {isa = PBXBuildFile; fileRef = D773D16E192DEE070050076D /* 49.png */; };
		D773D1D3192DEE070050076D /* 5.png in Resources */ = {isa = PBXBuildFile; fileRef = D773D16F192DEE070050076D /* 5.png */; };
		D773D1D4192DEE070050076D /* 50.png in Resources */ = {isa = PBXBuildFile; fileRef = D773D170192DEE070050076D /* 50.png */; };
		D773D1D5192DEE070050076D /* 51.png in Resources */ = {isa = PBXBuildFile; fileRef = D773D171192DEE070050076D /* 51.png */; };
		D773D1D6192DEE070050076D /* 52.png in Resources */ = {isa = PBXBuildFile; fileRef = D773D172192DEE070050076D /* 52.png */; };
		D773D1D7192DEE070050076D /* 53.png in Resources */ = {isa = PBXBuildFile; fileRef = D773D173192DEE070050076D /* 53.png */; };
		D773D1D8192DEE070050076D /* 54.png in Resources */ = {isa = PBXBuildFile; fileRef = D773D174192DEE070050076D /* 54.png */; };
		D773D1D9192DEE070050076D /* 55.png in Resources */ = {isa = PBXBuildFile; fileRef = D773D175192DEE070050076D /* 55.png */; };
		D773D1DA192DEE070050076D /* 56.png in Resources */ = {isa = PBXBuildFile; fileRef = D773D176192DEE070050076D /* 56.png */; };
		D773D1DB192DEE070050076D /* 57.png in Resources */ = {isa = PBXBuildFile; fileRef = D773D177192DEE070050076D /* 57.png */; };
		D773D1DC192DEE070050076D /* 58.png in Resources */ = {isa = PBXBuildFile; fileRef = D773D178192DEE070050076D /* 58.png */; };
		D773D1DD192DEE070050076D /* 59.png in Resources */ = {isa = PBXBuildFile; fileRef = D773D179192DEE070050076D /* 59.png */; };
		D773D1DE192DEE070050076D /* 6.png in Resources */ = {isa = PBXBuildFile; fileRef = D773D17A192DEE070050076D /* 6.png */; };
		D773D1DF192DEE070050076D /* 60.png in Resources */ = {isa = PBXBuildFile; fileRef = D773D17B192DEE070050076D /* 60.png */; };
		D773D1E0192DEE070050076D /* 61.png in Resources */ = {isa = PBXBuildFile; fileRef = D773D17C192DEE070050076D /* 61.png */; };
		D773D1E1192DEE070050076D /* 62.png in Resources */ = {isa = PBXBuildFile; fileRef = D773D17D192DEE070050076D /* 62.png */; };
		D773D1E2192DEE070050076D /* 63.png in Resources */ = {isa = PBXBuildFile; fileRef = D773D17E192DEE070050076D /* 63.png */; };
		D773D1E3192DEE070050076D /* 64.png in Resources */ = {isa = PBXBuildFile; fileRef = D773D17F192DEE070050076D /* 64.png */; };
		D773D1E4192DEE070050076D /* 65.png in Resources */ = {isa = PBXBuildFile; fileRef = D773D180192DEE070050076D /* 65.png */; };
		D773D1E5192DEE070050076D /* 66.png in Resources */ = {isa = PBXBuildFile; fileRef = D773D181192DEE070050076D /* 66.png */; };
		D773D1E6192DEE070050076D /* 67.png in Resources */ = {isa = PBXBuildFile; fileRef = D773D182192DEE070050076D /* 67.png */; };
		D773D1E7192DEE070050076D /* 68.png in Resources */ = {isa = PBXBuildFile; fileRef = D773D183192DEE070050076D /* 68.png */; };
		D773D1E8192DEE070050076D /* 69.png in Resources */ = {isa = PBXBuildFile; fileRef = D773D184192DEE070050076D /* 69.png */; };
		D773D1E9192DEE070050076D /* 7.png in Resources */ = {isa = PBXBuildFile; fileRef = D773D185192DEE070050076D /* 7.png */; };
		D773D1EA192DEE070050076D /* 70.png in Resources */ = {isa = PBXBuildFile; fileRef = D773D186192DEE070050076D /* 70.png */; };
		D773D1EB192DEE070050076D /* 71.png in Resources */ = {isa = PBXBuildFile; fileRef = D773D187192DEE070050076D /* 71.png */; };
		D773D1EC192DEE070050076D /* 72.png in Resources */ = {isa = PBXBuildFile; fileRef = D773D188192DEE070050076D /* 72.png */; };
		D773D1ED192DEE070050076D /* 73.png in Resources */ = {isa = PBXBuildFile; fileRef = D773D189192DEE070050076D /* 73.png */; };
		D773D1EE192DEE070050076D /* 74.png in Resources */ = {isa = PBXBuildFile; fileRef = D773D18A192DEE070050076D /* 74.png */; };
		D773D1EF192DEE070050076D /* 75.png in Resources */ = {isa = PBXBuildFile; fileRef = D773D18B192DEE070050076D /* 75.png */; };
		D773D1F0192DEE070050076D /* 76.png in Resources */ = {isa = PBXBuildFile; fileRef = D773D18C192DEE070050076D /* 76.png */; };
		D773D1F1192DEE070050076D /* 77.png in Resources */ = {isa = PBXBuildFile; fileRef = D773D18D192DEE070050076D /* 77.png */; };
		D773D1F2192DEE070050076D /* 78.png in Resources */ = {isa = PBXBuildFile; fileRef = D773D18E192DEE070050076D /* 78.png */; };
		D773D1F3192DEE070050076D /* 79.png in Resources */ = {isa = PBXBuildFile; fileRef = D773D18F192DEE070050076D /* 79.png */; };
		D773D1F4192DEE070050076D /* 8.png in Resources */ = {isa = PBXBuildFile; fileRef = D773D190192DEE070050076D /* 8.png */; };
		D773D1F5192DEE070050076D /* 80.png in Resources */ = {isa = PBXBuildFile; fileRef = D773D191192DEE070050076D /* 80.png */; };
		D773D1F6192DEE070050076D /* 81.png in Resources */ = {isa = PBXBuildFile; fileRef = D773D192192DEE070050076D /* 81.png */; };
		D773D1F7192DEE070050076D /* 82.png in Resources */ = {isa = PBXBuildFile; fileRef = D773D193192DEE070050076D /* 82.png */; };
		D773D1F8192DEE070050076D /* 83.png in Resources */ = {isa = PBXBuildFile; fileRef = D773D194192DEE070050076D /* 83.png */; };
		D773D1F9192DEE070050076D /* 84.png in Resources */ = {isa = PBXBuildFile; fileRef = D773D195192DEE070050076D /* 84.png */; };
		D773D1FA192DEE070050076D /* 85.png in Resources */ = {isa = PBXBuildFile; fileRef = D773D196192DEE070050076D /* 85.png */; };
		D773D1FB192DEE070050076D /* 86.png in Resources */ = {isa = PBXBuildFile; fileRef = D773D197192DEE070050076D /* 86.png */; };
		D773D1FC192DEE070050076D /* 87.png in Resources */ = {isa = PBXBuildFile; fileRef = D773D198192DEE070050076D /* 87.png */; };
		D773D1FD192DEE070050076D /* 88.png in Resources */ = {isa = PBXBuildFile; fileRef = D773D199192DEE070050076D /* 88.png */; };
		D773D1FE192DEE070050076D /* 89.png in Resources */ = {isa = PBXBuildFile; fileRef = D773D19A192DEE070050076D /* 89.png */; };
		D773D1FF192DEE070050076D /* 9.png in Resources */ = {isa = PBXBuildFile; fileRef = D773D19B192DEE070050076D /* 9.png */; };
		D773D200192DEE070050076D /* 90.png in Resources */ = {isa = PBXBuildFile; fileRef = D773D19C192DEE070050076D /* 90.png */; };
		D773D201192DEE070050076D /* 91.png in Resources */ = {isa = PBXBuildFile; fileRef = D773D19D192DEE070050076D /* 91.png */; };
		D773D202192DEE070050076D /* 92.png in Resources */ = {isa = PBXBuildFile; fileRef = D773D19E192DEE070050076D /* 92.png */; };
		D773D203192DEE070050076D /* 93.png in Resources */ = {isa = PBXBuildFile; fileRef = D773D19F192DEE070050076D /* 93.png */; };
		D773D204192DEE070050076D /* 94.png in Resources */ = {isa = PBXBuildFile; fileRef = D773D1A0192DEE070050076D /* 94.png */; };
		D773D205192DEE070050076D /* 95.png in Resources */ = {isa = PBXBuildFile; fileRef = D773D1A1192DEE070050076D /* 95.png */; };
		D773D206192DEE070050076D /* 96.png in Resources */ = {isa = PBXBuildFile; fileRef = D773D1A2192DEE070050076D /* 96.png */; };
		D773D207192DEE070050076D /* 97.png in Resources */ = {isa = PBXBuildFile; fileRef = D773D1A3192DEE070050076D /* 97.png */; };
		D773D208192DEE070050076D /* 99.png in Resources */ = {isa = PBXBuildFile; fileRef = D773D1A4192DEE070050076D /* 99.png */; };
		D773D209192DEE070050076D /* 98.png in Resources */ = {isa = PBXBuildFile; fileRef = D773D1A5192DEE070050076D /* 98.png */; };
		D773D212192DF2710050076D /* CellImage.m in Sources */ = {isa = PBXBuildFile; fileRef = D773D211192DF2710050076D /* CellImage.m */; };
		D773D215192E52F50050076D /* Character.m in Sources */ = {isa = PBXBuildFile; fileRef = D773D214192E52F50050076D /* Character.m */; };
		D791576D192D13D60088DCED /* Foundation.framework in Frameworks */ = {isa = PBXBuildFile; fileRef = D791576C192D13D60088DCED /* Foundation.framework */; };
		D791576F192D13D60088DCED /* CoreGraphics.framework in Frameworks */ = {isa = PBXBuildFile; fileRef = D791576E192D13D60088DCED /* CoreGraphics.framework */; };
		D7915771192D13D60088DCED /* UIKit.framework in Frameworks */ = {isa = PBXBuildFile; fileRef = D7915770192D13D60088DCED /* UIKit.framework */; };
		D7915777192D13D60088DCED /* InfoPlist.strings in Resources */ = {isa = PBXBuildFile; fileRef = D7915775192D13D60088DCED /* InfoPlist.strings */; };
		D7915779192D13D60088DCED /* main.m in Sources */ = {isa = PBXBuildFile; fileRef = D7915778192D13D60088DCED /* main.m */; };
		D791577D192D13D60088DCED /* AppDelegate.m in Sources */ = {isa = PBXBuildFile; fileRef = D791577C192D13D60088DCED /* AppDelegate.m */; };
		D7915780192D13D60088DCED /* Main.storyboard in Resources */ = {isa = PBXBuildFile; fileRef = D791577E192D13D60088DCED /* Main.storyboard */; };
		D7915783192D13D60088DCED /* ViewController.m in Sources */ = {isa = PBXBuildFile; fileRef = D7915782192D13D60088DCED /* ViewController.m */; };
		D7915785192D13D60088DCED /* Images.xcassets in Resources */ = {isa = PBXBuildFile; fileRef = D7915784192D13D60088DCED /* Images.xcassets */; };
		D791578C192D13D60088DCED /* XCTest.framework in Frameworks */ = {isa = PBXBuildFile; fileRef = D791578B192D13D60088DCED /* XCTest.framework */; };
		D791578D192D13D60088DCED /* Foundation.framework in Frameworks */ = {isa = PBXBuildFile; fileRef = D791576C192D13D60088DCED /* Foundation.framework */; };
		D791578E192D13D60088DCED /* UIKit.framework in Frameworks */ = {isa = PBXBuildFile; fileRef = D7915770192D13D60088DCED /* UIKit.framework */; };
		D7915796192D13D60088DCED /* InfoPlist.strings in Resources */ = {isa = PBXBuildFile; fileRef = D7915794192D13D60088DCED /* InfoPlist.strings */; };
		D7915798192D13D60088DCED /* MergeSortTests.m in Sources */ = {isa = PBXBuildFile; fileRef = D7915797192D13D60088DCED /* MergeSortTests.m */; };
/* End PBXBuildFile section */

/* Begin PBXContainerItemProxy section */
		D791578F192D13D60088DCED /* PBXContainerItemProxy */ = {
			isa = PBXContainerItemProxy;
			containerPortal = D7915761192D13D60088DCED /* Project object */;
			proxyType = 1;
			remoteGlobalIDString = D7915768192D13D60088DCED;
			remoteInfo = MergeSort;
		};
/* End PBXContainerItemProxy section */

/* Begin PBXFileReference section */
		D773D142192DEE070050076D /* 0.png */ = {isa = PBXFileReference; lastKnownFileType = image.png; path = 0.png; sourceTree = "<group>"; };
		D773D143192DEE070050076D /* 1.png */ = {isa = PBXFileReference; lastKnownFileType = image.png; path = 1.png; sourceTree = "<group>"; };
		D773D144192DEE070050076D /* 10.png */ = {isa = PBXFileReference; lastKnownFileType = image.png; path = 10.png; sourceTree = "<group>"; };
		D773D145192DEE070050076D /* 11.png */ = {isa = PBXFileReference; lastKnownFileType = image.png; path = 11.png; sourceTree = "<group>"; };
		D773D146192DEE070050076D /* 12.png */ = {isa = PBXFileReference; lastKnownFileType = image.png; path = 12.png; sourceTree = "<group>"; };
		D773D147192DEE070050076D /* 13.png */ = {isa = PBXFileReference; lastKnownFileType = image.png; path = 13.png; sourceTree = "<group>"; };
		D773D148192DEE070050076D /* 14.png */ = {isa = PBXFileReference; lastKnownFileType = image.png; path = 14.png; sourceTree = "<group>"; };
		D773D149192DEE070050076D /* 15.png */ = {isa = PBXFileReference; lastKnownFileType = image.png; path = 15.png; sourceTree = "<group>"; };
		D773D14A192DEE070050076D /* 16.png */ = {isa = PBXFileReference; lastKnownFileType = image.png; path = 16.png; sourceTree = "<group>"; };
		D773D14B192DEE070050076D /* 17.png */ = {isa = PBXFileReference; lastKnownFileType = image.png; path = 17.png; sourceTree = "<group>"; };
		D773D14C192DEE070050076D /* 18.png */ = {isa = PBXFileReference; lastKnownFileType = image.png; path = 18.png; sourceTree = "<group>"; };
		D773D14D192DEE070050076D /* 19.png */ = {isa = PBXFileReference; lastKnownFileType = image.png; path = 19.png; sourceTree = "<group>"; };
		D773D14E192DEE070050076D /* 2.png */ = {isa = PBXFileReference; lastKnownFileType = image.png; path = 2.png; sourceTree = "<group>"; };
		D773D14F192DEE070050076D /* 20.png */ = {isa = PBXFileReference; lastKnownFileType = image.png; path = 20.png; sourceTree = "<group>"; };
		D773D150192DEE070050076D /* 21.png */ = {isa = PBXFileReference; lastKnownFileType = image.png; path = 21.png; sourceTree = "<group>"; };
		D773D151192DEE070050076D /* 22.png */ = {isa = PBXFileReference; lastKnownFileType = image.png; path = 22.png; sourceTree = "<group>"; };
		D773D152192DEE070050076D /* 23.png */ = {isa = PBXFileReference; lastKnownFileType = image.png; path = 23.png; sourceTree = "<group>"; };
		D773D153192DEE070050076D /* 24.png */ = {isa = PBXFileReference; lastKnownFileType = image.png; path = 24.png; sourceTree = "<group>"; };
		D773D154192DEE070050076D /* 25.png */ = {isa = PBXFileReference; lastKnownFileType = image.png; path = 25.png; sourceTree = "<group>"; };
		D773D155192DEE070050076D /* 26.png */ = {isa = PBXFileReference; lastKnownFileType = image.png; path = 26.png; sourceTree = "<group>"; };
		D773D156192DEE070050076D /* 27.png */ = {isa = PBXFileReference; lastKnownFileType = image.png; path = 27.png; sourceTree = "<group>"; };
		D773D157192DEE070050076D /* 28.png */ = {isa = PBXFileReference; lastKnownFileType = image.png; path = 28.png; sourceTree = "<group>"; };
		D773D158192DEE070050076D /* 29.png */ = {isa = PBXFileReference; lastKnownFileType = image.png; path = 29.png; sourceTree = "<group>"; };
		D773D159192DEE070050076D /* 3.png */ = {isa = PBXFileReference; lastKnownFileType = image.png; path = 3.png; sourceTree = "<group>"; };
		D773D15A192DEE070050076D /* 30.png */ = {isa = PBXFileReference; lastKnownFileType = image.png; path = 30.png; sourceTree = "<group>"; };
		D773D15B192DEE070050076D /* 31.png */ = {isa = PBXFileReference; lastKnownFileType = image.png; path = 31.png; sourceTree = "<group>"; };
		D773D15C192DEE070050076D /* 32.png */ = {isa = PBXFileReference; lastKnownFileType = image.png; path = 32.png; sourceTree = "<group>"; };
		D773D15D192DEE070050076D /* 33.png */ = {isa = PBXFileReference; lastKnownFileType = image.png; path = 33.png; sourceTree = "<group>"; };
		D773D15E192DEE070050076D /* 34.png */ = {isa = PBXFileReference; lastKnownFileType = image.png; path = 34.png; sourceTree = "<group>"; };
		D773D15F192DEE070050076D /* 35.png */ = {isa = PBXFileReference; lastKnownFileType = image.png; path = 35.png; sourceTree = "<group>"; };
		D773D160192DEE070050076D /* 36.png */ = {isa = PBXFileReference; lastKnownFileType = image.png; path = 36.png; sourceTree = "<group>"; };
		D773D161192DEE070050076D /* 37.png */ = {isa = PBXFileReference; lastKnownFileType = image.png; path = 37.png; sourceTree = "<group>"; };
		D773D162192DEE070050076D /* 38.png */ = {isa = PBXFileReference; lastKnownFileType = image.png; path = 38.png; sourceTree = "<group>"; };
		D773D163192DEE070050076D /* 39.png */ = {isa = PBXFileReference; lastKnownFileType = image.png; path = 39.png; sourceTree = "<group>"; };
		D773D164192DEE070050076D /* 4.png */ = {isa = PBXFileReference; lastKnownFileType = image.png; path = 4.png; sourceTree = "<group>"; };
		D773D165192DEE070050076D /* 40.png */ = {isa = PBXFileReference; lastKnownFileType = image.png; path = 40.png; sourceTree = "<group>"; };
		D773D166192DEE070050076D /* 41.png */ = {isa = PBXFileReference; lastKnownFileType = image.png; path = 41.png; sourceTree = "<group>"; };
		D773D167192DEE070050076D /* 42.png */ = {isa = PBXFileReference; lastKnownFileType = image.png; path = 42.png; sourceTree = "<group>"; };
		D773D168192DEE070050076D /* 43.png */ = {isa = PBXFileReference; lastKnownFileType = image.png; path = 43.png; sourceTree = "<group>"; };
		D773D169192DEE070050076D /* 44.png */ = {isa = PBXFileReference; lastKnownFileType = image.png; path = 44.png; sourceTree = "<group>"; };
		D773D16A192DEE070050076D /* 45.png */ = {isa = PBXFileReference; lastKnownFileType = image.png; path = 45.png; sourceTree = "<group>"; };
		D773D16B192DEE070050076D /* 46.png */ = {isa = PBXFileReference; lastKnownFileType = image.png; path = 46.png; sourceTree = "<group>"; };
		D773D16C192DEE070050076D /* 47.png */ = {isa = PBXFileReference; lastKnownFileType = image.png; path = 47.png; sourceTree = "<group>"; };
		D773D16D192DEE070050076D /* 48.png */ = {isa = PBXFileReference; lastKnownFileType = image.png; path = 48.png; sourceTree = "<group>"; };
		D773D16E192DEE070050076D /* 49.png */ = {isa = PBXFileReference; lastKnownFileType = image.png; path = 49.png; sourceTree = "<group>"; };
		D773D16F192DEE070050076D /* 5.png */ = {isa = PBXFileReference; lastKnownFileType = image.png; path = 5.png; sourceTree = "<group>"; };
		D773D170192DEE070050076D /* 50.png */ = {isa = PBXFileReference; lastKnownFileType = image.png; path = 50.png; sourceTree = "<group>"; };
		D773D171192DEE070050076D /* 51.png */ = {isa = PBXFileReference; lastKnownFileType = image.png; path = 51.png; sourceTree = "<group>"; };
		D773D172192DEE070050076D /* 52.png */ = {isa = PBXFileReference; lastKnownFileType = image.png; path = 52.png; sourceTree = "<group>"; };
		D773D173192DEE070050076D /* 53.png */ = {isa = PBXFileReference; lastKnownFileType = image.png; path = 53.png; sourceTree = "<group>"; };
		D773D174192DEE070050076D /* 54.png */ = {isa = PBXFileReference; lastKnownFileType = image.png; path = 54.png; sourceTree = "<group>"; };
		D773D175192DEE070050076D /* 55.png */ = {isa = PBXFileReference; lastKnownFileType = image.png; path = 55.png; sourceTree = "<group>"; };
		D773D176192DEE070050076D /* 56.png */ = {isa = PBXFileReference; lastKnownFileType = image.png; path = 56.png; sourceTree = "<group>"; };
		D773D177192DEE070050076D /* 57.png */ = {isa = PBXFileReference; lastKnownFileType = image.png; path = 57.png; sourceTree = "<group>"; };
		D773D178192DEE070050076D /* 58.png */ = {isa = PBXFileReference; lastKnownFileType = image.png; path = 58.png; sourceTree = "<group>"; };
		D773D179192DEE070050076D /* 59.png */ = {isa = PBXFileReference; lastKnownFileType = image.png; path = 59.png; sourceTree = "<group>"; };
		D773D17A192DEE070050076D /* 6.png */ = {isa = PBXFileReference; lastKnownFileType = image.png; path = 6.png; sourceTree = "<group>"; };
		D773D17B192DEE070050076D /* 60.png */ = {isa = PBXFileReference; lastKnownFileType = image.png; path = 60.png; sourceTree = "<group>"; };
		D773D17C192DEE070050076D /* 61.png */ = {isa = PBXFileReference; lastKnownFileType = image.png; path = 61.png; sourceTree = "<group>"; };
		D773D17D192DEE070050076D /* 62.png */ = {isa = PBXFileReference; lastKnownFileType = image.png; path = 62.png; sourceTree = "<group>"; };
		D773D17E192DEE070050076D /* 63.png */ = {isa = PBXFileReference; lastKnownFileType = image.png; path = 63.png; sourceTree = "<group>"; };
		D773D17F192DEE070050076D /* 64.png */ = {isa = PBXFileReference; lastKnownFileType = image.png; path = 64.png; sourceTree = "<group>"; };
		D773D180192DEE070050076D /* 65.png */ = {isa = PBXFileReference; lastKnownFileType = image.png; path = 65.png; sourceTree = "<group>"; };
		D773D181192DEE070050076D /* 66.png */ = {isa = PBXFileReference; lastKnownFileType = image.png; path = 66.png; sourceTree = "<group>"; };
		D773D182192DEE070050076D /* 67.png */ = {isa = PBXFileReference; lastKnownFileType = image.png; path = 67.png; sourceTree = "<group>"; };
		D773D183192DEE070050076D /* 68.png */ = {isa = PBXFileReference; lastKnownFileType = image.png; path = 68.png; sourceTree = "<group>"; };
		D773D184192DEE070050076D /* 69.png */ = {isa = PBXFileReference; lastKnownFileType = image.png; path = 69.png; sourceTree = "<group>"; };
		D773D185192DEE070050076D /* 7.png */ = {isa = PBXFileReference; lastKnownFileType = image.png; path = 7.png; sourceTree = "<group>"; };
		D773D186192DEE070050076D /* 70.png */ = {isa = PBXFileReference; lastKnownFileType = image.png; path = 70.png; sourceTree = "<group>"; };
		D773D187192DEE070050076D /* 71.png */ = {isa = PBXFileReference; lastKnownFileType = image.png; path = 71.png; sourceTree = "<group>"; };
		D773D188192DEE070050076D /* 72.png */ = {isa = PBXFileReference; lastKnownFileType = image.png; path = 72.png; sourceTree = "<group>"; };
		D773D189192DEE070050076D /* 73.png */ = {isa = PBXFileReference; lastKnownFileType = image.png; path = 73.png; sourceTree = "<group>"; };
		D773D18A192DEE070050076D /* 74.png */ = {isa = PBXFileReference; lastKnownFileType = image.png; path = 74.png; sourceTree = "<group>"; };
		D773D18B192DEE070050076D /* 75.png */ = {isa = PBXFileReference; lastKnownFileType = image.png; path = 75.png; sourceTree = "<group>"; };
		D773D18C192DEE070050076D /* 76.png */ = {isa = PBXFileReference; lastKnownFileType = image.png; path = 76.png; sourceTree = "<group>"; };
		D773D18D192DEE070050076D /* 77.png */ = {isa = PBXFileReference; lastKnownFileType = image.png; path = 77.png; sourceTree = "<group>"; };
		D773D18E192DEE070050076D /* 78.png */ = {isa = PBXFileReference; lastKnownFileType = image.png; path = 78.png; sourceTree = "<group>"; };
		D773D18F192DEE070050076D /* 79.png */ = {isa = PBXFileReference; lastKnownFileType = image.png; path = 79.png; sourceTree = "<group>"; };
		D773D190192DEE070050076D /* 8.png */ = {isa = PBXFileReference; lastKnownFileType = image.png; path = 8.png; sourceTree = "<group>"; };
		D773D191192DEE070050076D /* 80.png */ = {isa = PBXFileReference; lastKnownFileType = image.png; path = 80.png; sourceTree = "<group>"; };
		D773D192192DEE070050076D /* 81.png */ = {isa = PBXFileReference; lastKnownFileType = image.png; path = 81.png; sourceTree = "<group>"; };
		D773D193192DEE070050076D /* 82.png */ = {isa = PBXFileReference; lastKnownFileType = image.png; path = 82.png; sourceTree = "<group>"; };
		D773D194192DEE070050076D /* 83.png */ = {isa = PBXFileReference; lastKnownFileType = image.png; path = 83.png; sourceTree = "<group>"; };
		D773D195192DEE070050076D /* 84.png */ = {isa = PBXFileReference; lastKnownFileType = image.png; path = 84.png; sourceTree = "<group>"; };
		D773D196192DEE070050076D /* 85.png */ = {isa = PBXFileReference; lastKnownFileType = image.png; path = 85.png; sourceTree = "<group>"; };
		D773D197192DEE070050076D /* 86.png */ = {isa = PBXFileReference; lastKnownFileType = image.png; path = 86.png; sourceTree = "<group>"; };
		D773D198192DEE070050076D /* 87.png */ = {isa = PBXFileReference; lastKnownFileType = image.png; path = 87.png; sourceTree = "<group>"; };
		D773D199192DEE070050076D /* 88.png */ = {isa = PBXFileReference; lastKnownFileType = image.png; path = 88.png; sourceTree = "<group>"; };
		D773D19A192DEE070050076D /* 89.png */ = {isa = PBXFileReference; lastKnownFileType = image.png; path = 89.png; sourceTree = "<group>"; };
		D773D19B192DEE070050076D /* 9.png */ = {isa = PBXFileReference; lastKnownFileType = image.png; path = 9.png; sourceTree = "<group>"; };
		D773D19C192DEE070050076D /* 90.png */ = {isa = PBXFileReference; lastKnownFileType = image.png; path = 90.png; sourceTree = "<group>"; };
		D773D19D192DEE070050076D /* 91.png */ = {isa = PBXFileReference; lastKnownFileType = image.png; path = 91.png; sourceTree = "<group>"; };
		D773D19E192DEE070050076D /* 92.png */ = {isa = PBXFileReference; lastKnownFileType = image.png; path = 92.png; sourceTree = "<group>"; };
		D773D19F192DEE070050076D /* 93.png */ = {isa = PBXFileReference; lastKnownFileType = image.png; path = 93.png; sourceTree = "<group>"; };
		D773D1A0192DEE070050076D /* 94.png */ = {isa = PBXFileReference; lastKnownFileType = image.png; path = 94.png; sourceTree = "<group>"; };
		D773D1A1192DEE070050076D /* 95.png */ = {isa = PBXFileReference; lastKnownFileType = image.png; path = 95.png; sourceTree = "<group>"; };
		D773D1A2192DEE070050076D /* 96.png */ = {isa = PBXFileReference; lastKnownFileType = image.png; path = 96.png; sourceTree = "<group>"; };
		D773D1A3192DEE070050076D /* 97.png */ = {isa = PBXFileReference; lastKnownFileType = image.png; path = 97.png; sourceTree = "<group>"; };
		D773D1A4192DEE070050076D /* 99.png */ = {isa = PBXFileReference; lastKnownFileType = image.png; path = 99.png; sourceTree = "<group>"; };
		D773D1A5192DEE070050076D /* 98.png */ = {isa = PBXFileReference; lastKnownFileType = image.png; path = 98.png; sourceTree = "<group>"; };
		D773D210192DF2710050076D /* CellImage.h */ = {isa = PBXFileReference; fileEncoding = 4; lastKnownFileType = sourcecode.c.h; path = CellImage.h; sourceTree = "<group>"; };
		D773D211192DF2710050076D /* CellImage.m */ = {isa = PBXFileReference; fileEncoding = 4; lastKnownFileType = sourcecode.c.objc; path = CellImage.m; sourceTree = "<group>"; };
		D773D213192E52F50050076D /* Character.h */ = {isa = PBXFileReference; fileEncoding = 4; lastKnownFileType = sourcecode.c.h; path = Character.h; sourceTree = "<group>"; };
		D773D214192E52F50050076D /* Character.m */ = {isa = PBXFileReference; fileEncoding = 4; lastKnownFileType = sourcecode.c.objc; path = Character.m; sourceTree = "<group>"; };
		D7915769192D13D60088DCED /* MergeSort.app */ = {isa = PBXFileReference; explicitFileType = wrapper.application; includeInIndex = 0; path = MergeSort.app; sourceTree = BUILT_PRODUCTS_DIR; };
		D791576C192D13D60088DCED /* Foundation.framework */ = {isa = PBXFileReference; lastKnownFileType = wrapper.framework; name = Foundation.framework; path = System/Library/Frameworks/Foundation.framework; sourceTree = SDKROOT; };
		D791576E192D13D60088DCED /* CoreGraphics.framework */ = {isa = PBXFileReference; lastKnownFileType = wrapper.framework; name = CoreGraphics.framework; path = System/Library/Frameworks/CoreGraphics.framework; sourceTree = SDKROOT; };
		D7915770192D13D60088DCED /* UIKit.framework */ = {isa = PBXFileReference; lastKnownFileType = wrapper.framework; name = UIKit.framework; path = System/Library/Frameworks/UIKit.framework; sourceTree = SDKROOT; };
		D7915774192D13D60088DCED /* MergeSort-Info.plist */ = {isa = PBXFileReference; lastKnownFileType = text.plist.xml; path = "MergeSort-Info.plist"; sourceTree = "<group>"; };
		D7915776192D13D60088DCED /* en */ = {isa = PBXFileReference; lastKnownFileType = text.plist.strings; name = en; path = en.lproj/InfoPlist.strings; sourceTree = "<group>"; };
		D7915778192D13D60088DCED /* main.m */ = {isa = PBXFileReference; lastKnownFileType = sourcecode.c.objc; path = main.m; sourceTree = "<group>"; };
		D791577A192D13D60088DCED /* MergeSort-Prefix.pch */ = {isa = PBXFileReference; lastKnownFileType = sourcecode.c.h; path = "MergeSort-Prefix.pch"; sourceTree = "<group>"; };
		D791577B192D13D60088DCED /* AppDelegate.h */ = {isa = PBXFileReference; lastKnownFileType = sourcecode.c.h; path = AppDelegate.h; sourceTree = "<group>"; };
		D791577C192D13D60088DCED /* AppDelegate.m */ = {isa = PBXFileReference; lastKnownFileType = sourcecode.c.objc; path = AppDelegate.m; sourceTree = "<group>"; };
		D791577F192D13D60088DCED /* Base */ = {isa = PBXFileReference; lastKnownFileType = file.storyboard; name = Base; path = Base.lproj/Main.storyboard; sourceTree = "<group>"; };
		D7915781192D13D60088DCED /* ViewController.h */ = {isa = PBXFileReference; lastKnownFileType = sourcecode.c.h; path = ViewController.h; sourceTree = "<group>"; };
		D7915782192D13D60088DCED /* ViewController.m */ = {isa = PBXFileReference; lastKnownFileType = sourcecode.c.objc; path = ViewController.m; sourceTree = "<group>"; };
		D7915784192D13D60088DCED /* Images.xcassets */ = {isa = PBXFileReference; lastKnownFileType = folder.assetcatalog; path = Images.xcassets; sourceTree = "<group>"; };
		D791578A192D13D60088DCED /* MergeSortTests.xctest */ = {isa = PBXFileReference; explicitFileType = wrapper.cfbundle; includeInIndex = 0; path = MergeSortTests.xctest; sourceTree = BUILT_PRODUCTS_DIR; };
		D791578B192D13D60088DCED /* XCTest.framework */ = {isa = PBXFileReference; lastKnownFileType = wrapper.framework; name = XCTest.framework; path = Library/Frameworks/XCTest.framework; sourceTree = DEVELOPER_DIR; };
		D7915793192D13D60088DCED /* MergeSortTests-Info.plist */ = {isa = PBXFileReference; lastKnownFileType = text.plist.xml; path = "MergeSortTests-Info.plist"; sourceTree = "<group>"; };
		D7915795192D13D60088DCED /* en */ = {isa = PBXFileReference; lastKnownFileType = text.plist.strings; name = en; path = en.lproj/InfoPlist.strings; sourceTree = "<group>"; };
		D7915797192D13D60088DCED /* MergeSortTests.m */ = {isa = PBXFileReference; lastKnownFileType = sourcecode.c.objc; path = MergeSortTests.m; sourceTree = "<group>"; };
/* End PBXFileReference section */

/* Begin PBXFrameworksBuildPhase section */
		D7915766192D13D60088DCED /* Frameworks */ = {
			isa = PBXFrameworksBuildPhase;
			buildActionMask = 2147483647;
			files = (
				D791576F192D13D60088DCED /* CoreGraphics.framework in Frameworks */,
				D7915771192D13D60088DCED /* UIKit.framework in Frameworks */,
				D791576D192D13D60088DCED /* Foundation.framework in Frameworks */,
			);
			runOnlyForDeploymentPostprocessing = 0;
		};
		D7915787192D13D60088DCED /* Frameworks */ = {
			isa = PBXFrameworksBuildPhase;
			buildActionMask = 2147483647;
			files = (
				D791578C192D13D60088DCED /* XCTest.framework in Frameworks */,
				D791578E192D13D60088DCED /* UIKit.framework in Frameworks */,
				D791578D192D13D60088DCED /* Foundation.framework in Frameworks */,
			);
			runOnlyForDeploymentPostprocessing = 0;
		};
/* End PBXFrameworksBuildPhase section */

/* Begin PBXGroup section */
		D773D141192DEE070050076D /* got_assets */ = {
			isa = PBXGroup;
			children = (
				D773D142192DEE070050076D /* 0.png */,
				D773D143192DEE070050076D /* 1.png */,
				D773D144192DEE070050076D /* 10.png */,
				D773D145192DEE070050076D /* 11.png */,
				D773D146192DEE070050076D /* 12.png */,
				D773D147192DEE070050076D /* 13.png */,
				D773D148192DEE070050076D /* 14.png */,
				D773D149192DEE070050076D /* 15.png */,
				D773D14A192DEE070050076D /* 16.png */,
				D773D14B192DEE070050076D /* 17.png */,
				D773D14C192DEE070050076D /* 18.png */,
				D773D14D192DEE070050076D /* 19.png */,
				D773D14E192DEE070050076D /* 2.png */,
				D773D14F192DEE070050076D /* 20.png */,
				D773D150192DEE070050076D /* 21.png */,
				D773D151192DEE070050076D /* 22.png */,
				D773D152192DEE070050076D /* 23.png */,
				D773D153192DEE070050076D /* 24.png */,
				D773D154192DEE070050076D /* 25.png */,
				D773D155192DEE070050076D /* 26.png */,
				D773D156192DEE070050076D /* 27.png */,
				D773D157192DEE070050076D /* 28.png */,
				D773D158192DEE070050076D /* 29.png */,
				D773D159192DEE070050076D /* 3.png */,
				D773D15A192DEE070050076D /* 30.png */,
				D773D15B192DEE070050076D /* 31.png */,
				D773D15C192DEE070050076D /* 32.png */,
				D773D15D192DEE070050076D /* 33.png */,
				D773D15E192DEE070050076D /* 34.png */,
				D773D15F192DEE070050076D /* 35.png */,
				D773D160192DEE070050076D /* 36.png */,
				D773D161192DEE070050076D /* 37.png */,
				D773D162192DEE070050076D /* 38.png */,
				D773D163192DEE070050076D /* 39.png */,
				D773D164192DEE070050076D /* 4.png */,
				D773D165192DEE070050076D /* 40.png */,
				D773D166192DEE070050076D /* 41.png */,
				D773D167192DEE070050076D /* 42.png */,
				D773D168192DEE070050076D /* 43.png */,
				D773D169192DEE070050076D /* 44.png */,
				D773D16A192DEE070050076D /* 45.png */,
				D773D16B192DEE070050076D /* 46.png */,
				D773D16C192DEE070050076D /* 47.png */,
				D773D16D192DEE070050076D /* 48.png */,
				D773D16E192DEE070050076D /* 49.png */,
				D773D16F192DEE070050076D /* 5.png */,
				D773D170192DEE070050076D /* 50.png */,
				D773D171192DEE070050076D /* 51.png */,
				D773D172192DEE070050076D /* 52.png */,
				D773D173192DEE070050076D /* 53.png */,
				D773D174192DEE070050076D /* 54.png */,
				D773D175192DEE070050076D /* 55.png */,
				D773D176192DEE070050076D /* 56.png */,
				D773D177192DEE070050076D /* 57.png */,
				D773D178192DEE070050076D /* 58.png */,
				D773D179192DEE070050076D /* 59.png */,
				D773D17A192DEE070050076D /* 6.png */,
				D773D17B192DEE070050076D /* 60.png */,
				D773D17C192DEE070050076D /* 61.png */,
				D773D17D192DEE070050076D /* 62.png */,
				D773D17E192DEE070050076D /* 63.png */,
				D773D17F192DEE070050076D /* 64.png */,
				D773D180192DEE070050076D /* 65.png */,
				D773D181192DEE070050076D /* 66.png */,
				D773D182192DEE070050076D /* 67.png */,
				D773D183192DEE070050076D /* 68.png */,
				D773D184192DEE070050076D /* 69.png */,
				D773D185192DEE070050076D /* 7.png */,
				D773D186192DEE070050076D /* 70.png */,
				D773D187192DEE070050076D /* 71.png */,
				D773D188192DEE070050076D /* 72.png */,
				D773D189192DEE070050076D /* 73.png */,
				D773D18A192DEE070050076D /* 74.png */,
				D773D18B192DEE070050076D /* 75.png */,
				D773D18C192DEE070050076D /* 76.png */,
				D773D18D192DEE070050076D /* 77.png */,
				D773D18E192DEE070050076D /* 78.png */,
				D773D18F192DEE070050076D /* 79.png */,
				D773D190192DEE070050076D /* 8.png */,
				D773D191192DEE070050076D /* 80.png */,
				D773D192192DEE070050076D /* 81.png */,
				D773D193192DEE070050076D /* 82.png */,
				D773D194192DEE070050076D /* 83.png */,
				D773D195192DEE070050076D /* 84.png */,
				D773D196192DEE070050076D /* 85.png */,
				D773D197192DEE070050076D /* 86.png */,
				D773D198192DEE070050076D /* 87.png */,
				D773D199192DEE070050076D /* 88.png */,
				D773D19A192DEE070050076D /* 89.png */,
				D773D19B192DEE070050076D /* 9.png */,
				D773D19C192DEE070050076D /* 90.png */,
				D773D19D192DEE070050076D /* 91.png */,
				D773D19E192DEE070050076D /* 92.png */,
				D773D19F192DEE070050076D /* 93.png */,
				D773D1A0192DEE070050076D /* 94.png */,
				D773D1A1192DEE070050076D /* 95.png */,
				D773D1A2192DEE070050076D /* 96.png */,
				D773D1A3192DEE070050076D /* 97.png */,
				D773D1A5192DEE070050076D /* 98.png */,
				D773D1A4192DEE070050076D /* 99.png */,
			);
			path = got_assets;
			sourceTree = "<group>";
		};
		D7915760192D13D60088DCED = {
			isa = PBXGroup;
			children = (
				D7915772192D13D60088DCED /* MergeSort */,
				D7915791192D13D60088DCED /* MergeSortTests */,
				D791576B192D13D60088DCED /* Frameworks */,
				D791576A192D13D60088DCED /* Products */,
			);
			sourceTree = "<group>";
		};
		D791576A192D13D60088DCED /* Products */ = {
			isa = PBXGroup;
			children = (
				D7915769192D13D60088DCED /* MergeSort.app */,
				D791578A192D13D60088DCED /* MergeSortTests.xctest */,
			);
			name = Products;
			sourceTree = "<group>";
		};
		D791576B192D13D60088DCED /* Frameworks */ = {
			isa = PBXGroup;
			children = (
				D791576C192D13D60088DCED /* Foundation.framework */,
				D791576E192D13D60088DCED /* CoreGraphics.framework */,
				D7915770192D13D60088DCED /* UIKit.framework */,
				D791578B192D13D60088DCED /* XCTest.framework */,
			);
			name = Frameworks;
			sourceTree = "<group>";
		};
		D7915772192D13D60088DCED /* MergeSort */ = {
			isa = PBXGroup;
			children = (
				D773D210192DF2710050076D /* CellImage.h */,
				D773D211192DF2710050076D /* CellImage.m */,
				D791577B192D13D60088DCED /* AppDelegate.h */,
				D791577C192D13D60088DCED /* AppDelegate.m */,
				D791577E192D13D60088DCED /* Main.storyboard */,
				D7915781192D13D60088DCED /* ViewController.h */,
				D7915782192D13D60088DCED /* ViewController.m */,
				D7915784192D13D60088DCED /* Images.xcassets */,
				D7915773192D13D60088DCED /* Supporting Files */,
				D773D213192E52F50050076D /* Character.h */,
				D773D214192E52F50050076D /* Character.m */,
			);
			path = MergeSort;
			sourceTree = "<group>";
		};
		D7915773192D13D60088DCED /* Supporting Files */ = {
			isa = PBXGroup;
			children = (
				D773D141192DEE070050076D /* got_assets */,
				D7915774192D13D60088DCED /* MergeSort-Info.plist */,
				D7915775192D13D60088DCED /* InfoPlist.strings */,
				D7915778192D13D60088DCED /* main.m */,
				D791577A192D13D60088DCED /* MergeSort-Prefix.pch */,
			);
			name = "Supporting Files";
			sourceTree = "<group>";
		};
		D7915791192D13D60088DCED /* MergeSortTests */ = {
			isa = PBXGroup;
			children = (
				D7915797192D13D60088DCED /* MergeSortTests.m */,
				D7915792192D13D60088DCED /* Supporting Files */,
			);
			path = MergeSortTests;
			sourceTree = "<group>";
		};
		D7915792192D13D60088DCED /* Supporting Files */ = {
			isa = PBXGroup;
			children = (
				D7915793192D13D60088DCED /* MergeSortTests-Info.plist */,
				D7915794192D13D60088DCED /* InfoPlist.strings */,
			);
			name = "Supporting Files";
			sourceTree = "<group>";
		};
/* End PBXGroup section */

/* Begin PBXNativeTarget section */
		D7915768192D13D60088DCED /* MergeSort */ = {
			isa = PBXNativeTarget;
			buildConfigurationList = D791579B192D13D60088DCED /* Build configuration list for PBXNativeTarget "MergeSort" */;
			buildPhases = (
				D7915765192D13D60088DCED /* Sources */,
				D7915766192D13D60088DCED /* Frameworks */,
				D7915767192D13D60088DCED /* Resources */,
			);
			buildRules = (
			);
			dependencies = (
			);
			name = MergeSort;
			productName = MergeSort;
			productReference = D7915769192D13D60088DCED /* MergeSort.app */;
			productType = "com.apple.product-type.application";
		};
		D7915789192D13D60088DCED /* MergeSortTests */ = {
			isa = PBXNativeTarget;
			buildConfigurationList = D791579E192D13D60088DCED /* Build configuration list for PBXNativeTarget "MergeSortTests" */;
			buildPhases = (
				D7915786192D13D60088DCED /* Sources */,
				D7915787192D13D60088DCED /* Frameworks */,
				D7915788192D13D60088DCED /* Resources */,
			);
			buildRules = (
			);
			dependencies = (
				D7915790192D13D60088DCED /* PBXTargetDependency */,
			);
			name = MergeSortTests;
			productName = MergeSortTests;
			productReference = D791578A192D13D60088DCED /* MergeSortTests.xctest */;
			productType = "com.apple.product-type.bundle.unit-test";
		};
/* End PBXNativeTarget section */

/* Begin PBXProject section */
		D7915761192D13D60088DCED /* Project object */ = {
			isa = PBXProject;
			attributes = {
				LastUpgradeCheck = 0510;
				ORGANIZATIONNAME = potter.io;
				TargetAttributes = {
					D7915789192D13D60088DCED = {
						TestTargetID = D7915768192D13D60088DCED;
					};
				};
			};
			buildConfigurationList = D7915764192D13D60088DCED /* Build configuration list for PBXProject "MergeSort" */;
			compatibilityVersion = "Xcode 3.2";
			developmentRegion = English;
			hasScannedForEncodings = 0;
			knownRegions = (
				en,
				Base,
			);
			mainGroup = D7915760192D13D60088DCED;
			productRefGroup = D791576A192D13D60088DCED /* Products */;
			projectDirPath = "";
			projectRoot = "";
			targets = (
				D7915768192D13D60088DCED /* MergeSort */,
				D7915789192D13D60088DCED /* MergeSortTests */,
			);
		};
/* End PBXProject section */

/* Begin PBXResourcesBuildPhase section */
		D7915767192D13D60088DCED /* Resources */ = {
			isa = PBXResourcesBuildPhase;
			buildActionMask = 2147483647;
			files = (
				D773D1E3192DEE070050076D /* 64.png in Resources */,
				D773D1D6192DEE070050076D /* 52.png in Resources */,
				D773D1C4192DEE070050076D /* 36.png in Resources */,
				D773D1C2192DEE070050076D /* 34.png in Resources */,
				D773D1E9192DEE070050076D /* 7.png in Resources */,
				D773D1BC192DEE070050076D /* 29.png in Resources */,
				D773D200192DEE070050076D /* 90.png in Resources */,
				D773D1BF192DEE070050076D /* 31.png in Resources */,
				D773D208192DEE070050076D /* 99.png in Resources */,
				D773D1BB192DEE070050076D /* 28.png in Resources */,
				D773D1AF192DEE070050076D /* 17.png in Resources */,
				D773D201192DEE070050076D /* 91.png in Resources */,
				D773D1FF192DEE070050076D /* 9.png in Resources */,
				D773D1CD192DEE070050076D /* 44.png in Resources */,
				D773D1AC192DEE070050076D /* 14.png in Resources */,
				D773D1BA192DEE070050076D /* 27.png in Resources */,
				D773D1B7192DEE070050076D /* 24.png in Resources */,
				D773D1C3192DEE070050076D /* 35.png in Resources */,
				D773D1FA192DEE070050076D /* 85.png in Resources */,
				D773D1D7192DEE070050076D /* 53.png in Resources */,
				D773D1EF192DEE070050076D /* 75.png in Resources */,
				D773D1A6192DEE070050076D /* 0.png in Resources */,
				D773D1CB192DEE070050076D /* 42.png in Resources */,
				D7915785192D13D60088DCED /* Images.xcassets in Resources */,
				D773D1D5192DEE070050076D /* 51.png in Resources */,
				D773D1F3192DEE070050076D /* 79.png in Resources */,
				D773D1B5192DEE070050076D /* 22.png in Resources */,
				D773D1F1192DEE070050076D /* 77.png in Resources */,
				D773D1AB192DEE070050076D /* 13.png in Resources */,
				D773D1B1192DEE070050076D /* 19.png in Resources */,
				D773D1FD192DEE070050076D /* 88.png in Resources */,
				D773D1A8192DEE070050076D /* 10.png in Resources */,
				D773D1F6192DEE070050076D /* 81.png in Resources */,
				D773D1CE192DEE070050076D /* 45.png in Resources */,
				D773D1BD192DEE070050076D /* 3.png in Resources */,
				D773D1F0192DEE070050076D /* 76.png in Resources */,
				D773D1D4192DEE070050076D /* 50.png in Resources */,
				D773D1CF192DEE070050076D /* 46.png in Resources */,
				D7915777192D13D60088DCED /* InfoPlist.strings in Resources */,
				D773D1DF192DEE070050076D /* 60.png in Resources */,
				D773D1EB192DEE070050076D /* 71.png in Resources */,
				D773D1F7192DEE070050076D /* 82.png in Resources */,
				D773D1D8192DEE070050076D /* 54.png in Resources */,
				D773D1E7192DEE070050076D /* 68.png in Resources */,
				D773D1D0192DEE070050076D /* 47.png in Resources */,
				D773D1DA192DEE070050076D /* 56.png in Resources */,
				D773D1B4192DEE070050076D /* 21.png in Resources */,
				D773D1B6192DEE070050076D /* 23.png in Resources */,
				D773D1EC192DEE070050076D /* 72.png in Resources */,
				D773D1F2192DEE070050076D /* 78.png in Resources */,
				D773D1E1192DEE070050076D /* 62.png in Resources */,
				D773D1C5192DEE070050076D /* 37.png in Resources */,
				D773D209192DEE070050076D /* 98.png in Resources */,
				D773D1F5192DEE070050076D /* 80.png in Resources */,
				D773D1E2192DEE070050076D /* 63.png in Resources */,
				D773D1C1192DEE070050076D /* 33.png in Resources */,
				D773D1C7192DEE070050076D /* 39.png in Resources */,
				D773D1E6192DEE070050076D /* 67.png in Resources */,
				D773D1E4192DEE070050076D /* 65.png in Resources */,
				D773D1AA192DEE070050076D /* 12.png in Resources */,
				D773D1D1192DEE070050076D /* 48.png in Resources */,
				D773D1DC192DEE070050076D /* 58.png in Resources */,
				D7915780192D13D60088DCED /* Main.storyboard in Resources */,
				D773D1B3192DEE070050076D /* 20.png in Resources */,
				D773D1C9192DEE070050076D /* 40.png in Resources */,
				D773D1ED192DEE070050076D /* 73.png in Resources */,
				D773D1C0192DEE070050076D /* 32.png in Resources */,
				D773D1B9192DEE070050076D /* 26.png in Resources */,
				D773D1F4192DEE070050076D /* 8.png in Resources */,
				D773D1BE192DEE070050076D /* 30.png in Resources */,
				D773D205192DEE070050076D /* 95.png in Resources */,
				D773D202192DEE070050076D /* 92.png in Resources */,
				D773D1CA192DEE070050076D /* 41.png in Resources */,
				D773D1B2192DEE070050076D /* 2.png in Resources */,
				D773D1D2192DEE070050076D /* 49.png in Resources */,
				D773D204192DEE070050076D /* 94.png in Resources */,
				D773D1DD192DEE070050076D /* 59.png in Resources */,
				D773D1D3192DEE070050076D /* 5.png in Resources */,
				D773D1F8192DEE070050076D /* 83.png in Resources */,
				D773D1EA192DEE070050076D /* 70.png in Resources */,
				D773D1AE192DEE070050076D /* 16.png in Resources */,
				D773D1A9192DEE070050076D /* 11.png in Resources */,
				D773D206192DEE070050076D /* 96.png in Resources */,
				D773D1C8192DEE070050076D /* 4.png in Resources */,
				D773D1A7192DEE070050076D /* 1.png in Resources */,
				D773D207192DEE070050076D /* 97.png in Resources */,
				D773D1F9192DEE070050076D /* 84.png in Resources */,
				D773D1DB192DEE070050076D /* 57.png in Resources */,
				D773D1E8192DEE070050076D /* 69.png in Resources */,
				D773D1FB192DEE070050076D /* 86.png in Resources */,
				D773D1C6192DEE070050076D /* 38.png in Resources */,
				D773D1FC192DEE070050076D /* 87.png in Resources */,
				D773D1FE192DEE070050076D /* 89.png in Resources */,
				D773D1DE192DEE070050076D /* 6.png in Resources */,
				D773D1EE192DEE070050076D /* 74.png in Resources */,
				D773D1D9192DEE070050076D /* 55.png in Resources */,
				D773D1CC192DEE070050076D /* 43.png in Resources */,
				D773D1B0192DEE070050076D /* 18.png in Resources */,
				D773D1B8192DEE070050076D /* 25.png in Resources */,
				D773D203192DEE070050076D /* 93.png in Resources */,
				D773D1E0192DEE070050076D /* 61.png in Resources */,
				D773D1AD192DEE070050076D /* 15.png in Resources */,
				D773D1E5192DEE070050076D /* 66.png in Resources */,
			);
			runOnlyForDeploymentPostprocessing = 0;
		};
		D7915788192D13D60088DCED /* Resources */ = {
			isa = PBXResourcesBuildPhase;
			buildActionMask = 2147483647;
			files = (
				D7915796192D13D60088DCED /* InfoPlist.strings in Resources */,
			);
			runOnlyForDeploymentPostprocessing = 0;
		};
/* End PBXResourcesBuildPhase section */

/* Begin PBXSourcesBuildPhase section */
		D7915765192D13D60088DCED /* Sources */ = {
			isa = PBXSourcesBuildPhase;
			buildActionMask = 2147483647;
			files = (
				D7915783192D13D60088DCED /* ViewController.m in Sources */,
				D791577D192D13D60088DCED /* AppDelegate.m in Sources */,
				D773D212192DF2710050076D /* CellImage.m in Sources */,
				D7915779192D13D60088DCED /* main.m in Sources */,
				D773D215192E52F50050076D /* Character.m in Sources */,
			);
			runOnlyForDeploymentPostprocessing = 0;
		};
		D7915786192D13D60088DCED /* Sources */ = {
			isa = PBXSourcesBuildPhase;
			buildActionMask = 2147483647;
			files = (
				D7915798192D13D60088DCED /* MergeSortTests.m in Sources */,
			);
			runOnlyForDeploymentPostprocessing = 0;
		};
/* End PBXSourcesBuildPhase section */

/* Begin PBXTargetDependency section */
		D7915790192D13D60088DCED /* PBXTargetDependency */ = {
			isa = PBXTargetDependency;
			target = D7915768192D13D60088DCED /* MergeSort */;
			targetProxy = D791578F192D13D60088DCED /* PBXContainerItemProxy */;
		};
/* End PBXTargetDependency section */

/* Begin PBXVariantGroup section */
		D7915775192D13D60088DCED /* InfoPlist.strings */ = {
			isa = PBXVariantGroup;
			children = (
				D7915776192D13D60088DCED /* en */,
			);
			name = InfoPlist.strings;
			sourceTree = "<group>";
		};
		D791577E192D13D60088DCED /* Main.storyboard */ = {
			isa = PBXVariantGroup;
			children = (
				D791577F192D13D60088DCED /* Base */,
			);
			name = Main.storyboard;
			sourceTree = "<group>";
		};
		D7915794192D13D60088DCED /* InfoPlist.strings */ = {
			isa = PBXVariantGroup;
			children = (
				D7915795192D13D60088DCED /* en */,
			);
			name = InfoPlist.strings;
			sourceTree = "<group>";
		};
/* End PBXVariantGroup section */

/* Begin XCBuildConfiguration section */
		D7915799192D13D60088DCED /* Debug */ = {
			isa = XCBuildConfiguration;
			buildSettings = {
				ALWAYS_SEARCH_USER_PATHS = NO;
				CLANG_CXX_LANGUAGE_STANDARD = "gnu++0x";
				CLANG_CXX_LIBRARY = "libc++";
				CLANG_ENABLE_MODULES = YES;
				CLANG_ENABLE_OBJC_ARC = YES;
				CLANG_WARN_BOOL_CONVERSION = YES;
				CLANG_WARN_CONSTANT_CONVERSION = YES;
				CLANG_WARN_DIRECT_OBJC_ISA_USAGE = YES_ERROR;
				CLANG_WARN_EMPTY_BODY = YES;
				CLANG_WARN_ENUM_CONVERSION = YES;
				CLANG_WARN_INT_CONVERSION = YES;
				CLANG_WARN_OBJC_ROOT_CLASS = YES_ERROR;
				CLANG_WARN__DUPLICATE_METHOD_MATCH = YES;
				"CODE_SIGN_IDENTITY[sdk=iphoneos*]" = "iPhone Developer";
				COPY_PHASE_STRIP = NO;
				GCC_C_LANGUAGE_STANDARD = gnu99;
				GCC_DYNAMIC_NO_PIC = NO;
				GCC_OPTIMIZATION_LEVEL = 0;
				GCC_PREPROCESSOR_DEFINITIONS = (
					"DEBUG=1",
					"$(inherited)",
				);
				GCC_SYMBOLS_PRIVATE_EXTERN = NO;
				GCC_WARN_64_TO_32_BIT_CONVERSION = YES;
				GCC_WARN_ABOUT_RETURN_TYPE = YES_ERROR;
				GCC_WARN_UNDECLARED_SELECTOR = YES;
				GCC_WARN_UNINITIALIZED_AUTOS = YES_AGGRESSIVE;
				GCC_WARN_UNUSED_FUNCTION = YES;
				GCC_WARN_UNUSED_VARIABLE = YES;
				IPHONEOS_DEPLOYMENT_TARGET = 7.1;
				ONLY_ACTIVE_ARCH = YES;
				SDKROOT = iphoneos;
			};
			name = Debug;
		};
		D791579A192D13D60088DCED /* Release */ = {
			isa = XCBuildConfiguration;
			buildSettings = {
				ALWAYS_SEARCH_USER_PATHS = NO;
				CLANG_CXX_LANGUAGE_STANDARD = "gnu++0x";
				CLANG_CXX_LIBRARY = "libc++";
				CLANG_ENABLE_MODULES = YES;
				CLANG_ENABLE_OBJC_ARC = YES;
				CLANG_WARN_BOOL_CONVERSION = YES;
				CLANG_WARN_CONSTANT_CONVERSION = YES;
				CLANG_WARN_DIRECT_OBJC_ISA_USAGE = YES_ERROR;
				CLANG_WARN_EMPTY_BODY = YES;
				CLANG_WARN_ENUM_CONVERSION = YES;
				CLANG_WARN_INT_CONVERSION = YES;
				CLANG_WARN_OBJC_ROOT_CLASS = YES_ERROR;
				CLANG_WARN__DUPLICATE_METHOD_MATCH = YES;
				"CODE_SIGN_IDENTITY[sdk=iphoneos*]" = "iPhone Developer";
				COPY_PHASE_STRIP = YES;
				ENABLE_NS_ASSERTIONS = NO;
				GCC_C_LANGUAGE_STANDARD = gnu99;
				GCC_WARN_64_TO_32_BIT_CONVERSION = YES;
				GCC_WARN_ABOUT_RETURN_TYPE = YES_ERROR;
				GCC_WARN_UNDECLARED_SELECTOR = YES;
				GCC_WARN_UNINITIALIZED_AUTOS = YES_AGGRESSIVE;
				GCC_WARN_UNUSED_FUNCTION = YES;
				GCC_WARN_UNUSED_VARIABLE = YES;
				IPHONEOS_DEPLOYMENT_TARGET = 7.1;
				SDKROOT = iphoneos;
				VALIDATE_PRODUCT = YES;
			};
			name = Release;
		};
		D791579C192D13D60088DCED /* Debug */ = {
			isa = XCBuildConfiguration;
			buildSettings = {
				ASSETCATALOG_COMPILER_APPICON_NAME = AppIcon;
				ASSETCATALOG_COMPILER_LAUNCHIMAGE_NAME = LaunchImage;
				GCC_PRECOMPILE_PREFIX_HEADER = YES;
				GCC_PREFIX_HEADER = "MergeSort/MergeSort-Prefix.pch";
				INFOPLIST_FILE = "MergeSort/MergeSort-Info.plist";
				PRODUCT_NAME = "$(TARGET_NAME)";
				WRAPPER_EXTENSION = app;
			};
			name = Debug;
		};
		D791579D192D13D60088DCED /* Release */ = {
			isa = XCBuildConfiguration;
			buildSettings = {
				ASSETCATALOG_COMPILER_APPICON_NAME = AppIcon;
				ASSETCATALOG_COMPILER_LAUNCHIMAGE_NAME = LaunchImage;
				GCC_PRECOMPILE_PREFIX_HEADER = YES;
				GCC_PREFIX_HEADER = "MergeSort/MergeSort-Prefix.pch";
				INFOPLIST_FILE = "MergeSort/MergeSort-Info.plist";
				PRODUCT_NAME = "$(TARGET_NAME)";
				WRAPPER_EXTENSION = app;
			};
			name = Release;
		};
		D791579F192D13D60088DCED /* Debug */ = {
			isa = XCBuildConfiguration;
			buildSettings = {
				BUNDLE_LOADER = "$(BUILT_PRODUCTS_DIR)/MergeSort.app/MergeSort";
				FRAMEWORK_SEARCH_PATHS = (
					"$(SDKROOT)/Developer/Library/Frameworks",
					"$(inherited)",
					"$(DEVELOPER_FRAMEWORKS_DIR)",
				);
				GCC_PRECOMPILE_PREFIX_HEADER = YES;
				GCC_PREFIX_HEADER = "MergeSort/MergeSort-Prefix.pch";
				GCC_PREPROCESSOR_DEFINITIONS = (
					"DEBUG=1",
					"$(inherited)",
				);
				INFOPLIST_FILE = "MergeSortTests/MergeSortTests-Info.plist";
				PRODUCT_NAME = "$(TARGET_NAME)";
				TEST_HOST = "$(BUNDLE_LOADER)";
				WRAPPER_EXTENSION = xctest;
			};
			name = Debug;
		};
		D79157A0192D13D60088DCED /* Release */ = {
			isa = XCBuildConfiguration;
			buildSettings = {
				BUNDLE_LOADER = "$(BUILT_PRODUCTS_DIR)/MergeSort.app/MergeSort";
				FRAMEWORK_SEARCH_PATHS = (
					"$(SDKROOT)/Developer/Library/Frameworks",
					"$(inherited)",
					"$(DEVELOPER_FRAMEWORKS_DIR)",
				);
				GCC_PRECOMPILE_PREFIX_HEADER = YES;
				GCC_PREFIX_HEADER = "MergeSort/MergeSort-Prefix.pch";
				INFOPLIST_FILE = "MergeSortTests/MergeSortTests-Info.plist";
				PRODUCT_NAME = "$(TARGET_NAME)";
				TEST_HOST = "$(BUNDLE_LOADER)";
				WRAPPER_EXTENSION = xctest;
			};
			name = Release;
		};
/* End XCBuildConfiguration section */

/* Begin XCConfigurationList section */
		D7915764192D13D60088DCED /* Build configuration list for PBXProject "MergeSort" */ = {
			isa = XCConfigurationList;
			buildConfigurations = (
				D7915799192D13D60088DCED /* Debug */,
				D791579A192D13D60088DCED /* Release */,
			);
			defaultConfigurationIsVisible = 0;
			defaultConfigurationName = Release;
		};
		D791579B192D13D60088DCED /* Build configuration list for PBXNativeTarget "MergeSort" */ = {
			isa = XCConfigurationList;
			buildConfigurations = (
				D791579C192D13D60088DCED /* Debug */,
				D791579D192D13D60088DCED /* Release */,
			);
			defaultConfigurationIsVisible = 0;
			defaultConfigurationName = Release;
		};
		D791579E192D13D60088DCED /* Build configuration list for PBXNativeTarget "MergeSortTests" */ = {
			isa = XCConfigurationList;
			buildConfigurations = (
				D791579F192D13D60088DCED /* Debug */,
				D79157A0192D13D60088DCED /* Release */,
			);
			defaultConfigurationIsVisible = 0;
			defaultConfigurationName = Release;
		};
/* End XCConfigurationList section */
	};
	rootObject = D7915761192D13D60088DCED /* Project object */;
}
